
Microsoft Visual Studio Solution File, Format Version 12.00
# Visual Studio Version 17
VisualStudioVersion = 17.1.32319.34
MinimumVisualStudioVersion = 10.0.40219.1
Project("{2150E333-8FDC-42A3-9474-1A3956D46DE8}") = "Client", "Client", "{0591514B-2D7B-41F5-9415-7D366665B92A}"
EndProject
Project("{9A19103F-16F7-4668-BE54-9A1E7A4F7556}") = "Infrastructure", "Infrastructure\Infrastructure.csproj", "{2F11CE78-0068-4E05-A510-44B9AB325FA8}"
EndProject
Project("{2150E333-8FDC-42A3-9474-1A3956D46DE8}") = "Authorization", "Authorization", "{EF0847CD-2595-489E-8E5B-9616E7870A79}"
EndProject
Project("{9A19103F-16F7-4668-BE54-9A1E7A4F7556}") = "Authorization.Api", "Authorization\Authorization.Api\Authorization.Api.csproj", "{7C038EE6-C4B3-4A7A-B354-C0602BD1A604}"
EndProject
Project("{9A19103F-16F7-4668-BE54-9A1E7A4F7556}") = "Authorization.Repository", "Authorization\Authorization.Repository\Authorization.Repository.csproj", "{49D2A101-F101-40BA-AE70-D985538B1351}"
EndProject
Project("{9A19103F-16F7-4668-BE54-9A1E7A4F7556}") = "Authorization.Service", "Authorization\Authorization.Service\Authorization.Service.csproj", "{05F9274C-499B-4C46-BEFC-8F4C8CB0982B}"
EndProject
Project("{9A19103F-16F7-4668-BE54-9A1E7A4F7556}") = "Clients.Repository", "Client\Clients.Repository\Clients.Repository.csproj", "{D54A9828-D909-4043-A4AB-9DED3F0ABA0F}"
EndProject
Project("{9A19103F-16F7-4668-BE54-9A1E7A4F7556}") = "Clients.Service", "Client\Clients.Service\Clients.Service.csproj", "{ED0E9CEF-8A4F-4EEA-AC9A-57AA08C2E5C9}"
	ProjectSection(ProjectDependencies) = postProject
		{D9B2E146-6368-41EF-931B-8DEA6E9EBFD8} = {D9B2E146-6368-41EF-931B-8DEA6E9EBFD8}
	EndProjectSection
EndProject
Project("{9A19103F-16F7-4668-BE54-9A1E7A4F7556}") = "Clients.Api", "Client\Clients.Api\Clients.Api.csproj", "{AE660B7D-C2B7-4096-90D2-E58033087AAC}"
	ProjectSection(ProjectDependencies) = postProject
		{7C038EE6-C4B3-4A7A-B354-C0602BD1A604} = {7C038EE6-C4B3-4A7A-B354-C0602BD1A604}
		{D9B2E146-6368-41EF-931B-8DEA6E9EBFD8} = {D9B2E146-6368-41EF-931B-8DEA6E9EBFD8}
	EndProjectSection
EndProject
Project("{2150E333-8FDC-42A3-9474-1A3956D46DE8}") = "Configuration", "Configuration", "{B3DB73BA-72FA-47B9-A62D-0534AA280F44}"
EndProject
Project("{9A19103F-16F7-4668-BE54-9A1E7A4F7556}") = "Configuration.Api", "Configuration\Configuration.Api\Configuration.Api.csproj", "{D9B2E146-6368-41EF-931B-8DEA6E9EBFD8}"
	ProjectSection(ProjectDependencies) = postProject
		{7C038EE6-C4B3-4A7A-B354-C0602BD1A604} = {7C038EE6-C4B3-4A7A-B354-C0602BD1A604}
	EndProjectSection
EndProject
Project("{9A19103F-16F7-4668-BE54-9A1E7A4F7556}") = "Configuration.Repository", "Configuration\Configuration.Repository\Configuration.Repository.csproj", "{3D8ACC74-0881-41C4-881B-A4576E6AAEE7}"
EndProject
Project("{9A19103F-16F7-4668-BE54-9A1E7A4F7556}") = "Configuration.Service", "Configuration\Configuration.Service\Configuration.Service.csproj", "{153F1D0E-BEEC-4EA8-97C0-A6810F2D77CE}"
	ProjectSection(ProjectDependencies) = postProject
		{2F11CE78-0068-4E05-A510-44B9AB325FA8} = {2F11CE78-0068-4E05-A510-44B9AB325FA8}
	EndProjectSection
EndProject
Project("{2150E333-8FDC-42A3-9474-1A3956D46DE8}") = "Car", "Car", "{94D57A9E-20BF-45B9-8BAA-E4910ABF73B9}"
EndProject
Project("{9A19103F-16F7-4668-BE54-9A1E7A4F7556}") = "Cars.Repository", "Car\Cars.Repository\Cars.Repository.csproj", "{E22ACC34-57A6-467C-B968-6B59FBBA6BCE}"
EndProject
Project("{9A19103F-16F7-4668-BE54-9A1E7A4F7556}") = "Cars.Service", "Car\Cars.Service\Cars.Service.csproj", "{ACD95B02-0E23-4311-89CC-EB6B9B4E71EC}"
EndProject
Project("{9A19103F-16F7-4668-BE54-9A1E7A4F7556}") = "Cars.Api", "Car\Cars.Api\Cars.Api.csproj", "{250FEC47-BBA2-445B-9111-55B7CAC1CB17}"
	ProjectSection(ProjectDependencies) = postProject
		{7C038EE6-C4B3-4A7A-B354-C0602BD1A604} = {7C038EE6-C4B3-4A7A-B354-C0602BD1A604}
		{D9B2E146-6368-41EF-931B-8DEA6E9EBFD8} = {D9B2E146-6368-41EF-931B-8DEA6E9EBFD8}
	EndProjectSection
EndProject
Project("{2150E333-8FDC-42A3-9474-1A3956D46DE8}") = "Rent", "Rent", "{8354019B-2F22-4B92-B4D1-DDF8F4CA3149}"
EndProject
Project("{9A19103F-16F7-4668-BE54-9A1E7A4F7556}") = "Rents.Api", "Rent\Rents.Api\Rents.Api.csproj", "{19A0E0E8-70B1-441C-85C1-2E8E615F9182}"
	ProjectSection(ProjectDependencies) = postProject
		{7C038EE6-C4B3-4A7A-B354-C0602BD1A604} = {7C038EE6-C4B3-4A7A-B354-C0602BD1A604}
		{D9B2E146-6368-41EF-931B-8DEA6E9EBFD8} = {D9B2E146-6368-41EF-931B-8DEA6E9EBFD8}
	EndProjectSection
EndProject
Project("{9A19103F-16F7-4668-BE54-9A1E7A4F7556}") = "Rents.Repository", "Rent\Rents.Repository\Rents.Repository.csproj", "{269CC109-6496-42EE-A853-D31566CAF821}"
EndProject
Project("{9A19103F-16F7-4668-BE54-9A1E7A4F7556}") = "Rents.Service", "Rent\Rents.Service\Rents.Service.csproj", "{1199AA48-D94B-47A6-8EC4-3879B89970D3}"
EndProject
Project("{2150E333-8FDC-42A3-9474-1A3956D46DE8}") = "Subscription", "Subscription", "{3D801C84-CB31-4020-949C-3DF89E5BAAF8}"
EndProject
Project("{9A19103F-16F7-4668-BE54-9A1E7A4F7556}") = "Subscriptions.Repository", "Subscription\Subscriptions.Repository\Subscriptions.Repository.csproj", "{0E31F99A-A478-4D5A-AB77-68218271EE12}"
EndProject
Project("{9A19103F-16F7-4668-BE54-9A1E7A4F7556}") = "Subscriptions.Api", "Subscription\Subscriptions.Api\Subscriptions.Api.csproj", "{83B4029B-90B9-4667-BBCD-DD6FE138B1E8}"
	ProjectSection(ProjectDependencies) = postProject
		{2F11CE78-0068-4E05-A510-44B9AB325FA8} = {2F11CE78-0068-4E05-A510-44B9AB325FA8}
		{7C038EE6-C4B3-4A7A-B354-C0602BD1A604} = {7C038EE6-C4B3-4A7A-B354-C0602BD1A604}
		{D9B2E146-6368-41EF-931B-8DEA6E9EBFD8} = {D9B2E146-6368-41EF-931B-8DEA6E9EBFD8}
	EndProjectSection
EndProject
Project("{9A19103F-16F7-4668-BE54-9A1E7A4F7556}") = "Subscriptions.Service", "Subscription\Subscriptions.Service\Subscriptions.Service.csproj", "{DD547168-C47A-4337-A7AF-21F8DBB3159D}"
EndProject
Global
	GlobalSection(SolutionConfigurationPlatforms) = preSolution
		Debug|Any CPU = Debug|Any CPU
		Release|Any CPU = Release|Any CPU
	EndGlobalSection
	GlobalSection(ProjectConfigurationPlatforms) = postSolution
		{2F11CE78-0068-4E05-A510-44B9AB325FA8}.Debug|Any CPU.ActiveCfg = Debug|Any CPU
		{2F11CE78-0068-4E05-A510-44B9AB325FA8}.Debug|Any CPU.Build.0 = Debug|Any CPU
		{2F11CE78-0068-4E05-A510-44B9AB325FA8}.Release|Any CPU.ActiveCfg = Release|Any CPU
		{2F11CE78-0068-4E05-A510-44B9AB325FA8}.Release|Any CPU.Build.0 = Release|Any CPU
		{7C038EE6-C4B3-4A7A-B354-C0602BD1A604}.Debug|Any CPU.ActiveCfg = Debug|Any CPU
		{7C038EE6-C4B3-4A7A-B354-C0602BD1A604}.Debug|Any CPU.Build.0 = Debug|Any CPU
		{7C038EE6-C4B3-4A7A-B354-C0602BD1A604}.Release|Any CPU.ActiveCfg = Release|Any CPU
		{7C038EE6-C4B3-4A7A-B354-C0602BD1A604}.Release|Any CPU.Build.0 = Release|Any CPU
		{49D2A101-F101-40BA-AE70-D985538B1351}.Debug|Any CPU.ActiveCfg = Debug|Any CPU
		{49D2A101-F101-40BA-AE70-D985538B1351}.Debug|Any CPU.Build.0 = Debug|Any CPU
		{49D2A101-F101-40BA-AE70-D985538B1351}.Release|Any CPU.ActiveCfg = Release|Any CPU
		{49D2A101-F101-40BA-AE70-D985538B1351}.Release|Any CPU.Build.0 = Release|Any CPU
		{05F9274C-499B-4C46-BEFC-8F4C8CB0982B}.Debug|Any CPU.ActiveCfg = Debug|Any CPU
		{05F9274C-499B-4C46-BEFC-8F4C8CB0982B}.Debug|Any CPU.Build.0 = Debug|Any CPU
		{05F9274C-499B-4C46-BEFC-8F4C8CB0982B}.Release|Any CPU.ActiveCfg = Release|Any CPU
		{05F9274C-499B-4C46-BEFC-8F4C8CB0982B}.Release|Any CPU.Build.0 = Release|Any CPU
		{D54A9828-D909-4043-A4AB-9DED3F0ABA0F}.Debug|Any CPU.ActiveCfg = Debug|Any CPU
		{D54A9828-D909-4043-A4AB-9DED3F0ABA0F}.Debug|Any CPU.Build.0 = Debug|Any CPU
		{D54A9828-D909-4043-A4AB-9DED3F0ABA0F}.Release|Any CPU.ActiveCfg = Release|Any CPU
		{D54A9828-D909-4043-A4AB-9DED3F0ABA0F}.Release|Any CPU.Build.0 = Release|Any CPU
		{ED0E9CEF-8A4F-4EEA-AC9A-57AA08C2E5C9}.Debug|Any CPU.ActiveCfg = Debug|Any CPU
		{ED0E9CEF-8A4F-4EEA-AC9A-57AA08C2E5C9}.Debug|Any CPU.Build.0 = Debug|Any CPU
		{ED0E9CEF-8A4F-4EEA-AC9A-57AA08C2E5C9}.Release|Any CPU.ActiveCfg = Release|Any CPU
		{ED0E9CEF-8A4F-4EEA-AC9A-57AA08C2E5C9}.Release|Any CPU.Build.0 = Release|Any CPU
		{AE660B7D-C2B7-4096-90D2-E58033087AAC}.Debug|Any CPU.ActiveCfg = Debug|Any CPU
		{AE660B7D-C2B7-4096-90D2-E58033087AAC}.Debug|Any CPU.Build.0 = Debug|Any CPU
		{AE660B7D-C2B7-4096-90D2-E58033087AAC}.Release|Any CPU.ActiveCfg = Release|Any CPU
		{AE660B7D-C2B7-4096-90D2-E58033087AAC}.Release|Any CPU.Build.0 = Release|Any CPU
		{D9B2E146-6368-41EF-931B-8DEA6E9EBFD8}.Debug|Any CPU.ActiveCfg = Debug|Any CPU
		{D9B2E146-6368-41EF-931B-8DEA6E9EBFD8}.Debug|Any CPU.Build.0 = Debug|Any CPU
		{D9B2E146-6368-41EF-931B-8DEA6E9EBFD8}.Release|Any CPU.ActiveCfg = Release|Any CPU
		{D9B2E146-6368-41EF-931B-8DEA6E9EBFD8}.Release|Any CPU.Build.0 = Release|Any CPU
		{3D8ACC74-0881-41C4-881B-A4576E6AAEE7}.Debug|Any CPU.ActiveCfg = Debug|Any CPU
		{3D8ACC74-0881-41C4-881B-A4576E6AAEE7}.Debug|Any CPU.Build.0 = Debug|Any CPU
		{3D8ACC74-0881-41C4-881B-A4576E6AAEE7}.Release|Any CPU.ActiveCfg = Release|Any CPU
		{3D8ACC74-0881-41C4-881B-A4576E6AAEE7}.Release|Any CPU.Build.0 = Release|Any CPU
		{153F1D0E-BEEC-4EA8-97C0-A6810F2D77CE}.Debug|Any CPU.ActiveCfg = Debug|Any CPU
		{153F1D0E-BEEC-4EA8-97C0-A6810F2D77CE}.Debug|Any CPU.Build.0 = Debug|Any CPU
		{153F1D0E-BEEC-4EA8-97C0-A6810F2D77CE}.Release|Any CPU.ActiveCfg = Release|Any CPU
		{153F1D0E-BEEC-4EA8-97C0-A6810F2D77CE}.Release|Any CPU.Build.0 = Release|Any CPU
		{E22ACC34-57A6-467C-B968-6B59FBBA6BCE}.Debug|Any CPU.ActiveCfg = Debug|Any CPU
		{E22ACC34-57A6-467C-B968-6B59FBBA6BCE}.Debug|Any CPU.Build.0 = Debug|Any CPU
		{E22ACC34-57A6-467C-B968-6B59FBBA6BCE}.Release|Any CPU.ActiveCfg = Release|Any CPU
		{E22ACC34-57A6-467C-B968-6B59FBBA6BCE}.Release|Any CPU.Build.0 = Release|Any CPU
		{ACD95B02-0E23-4311-89CC-EB6B9B4E71EC}.Debug|Any CPU.ActiveCfg = Debug|Any CPU
		{ACD95B02-0E23-4311-89CC-EB6B9B4E71EC}.Debug|Any CPU.Build.0 = Debug|Any CPU
		{ACD95B02-0E23-4311-89CC-EB6B9B4E71EC}.Release|Any CPU.ActiveCfg = Release|Any CPU
		{ACD95B02-0E23-4311-89CC-EB6B9B4E71EC}.Release|Any CPU.Build.0 = Release|Any CPU
		{250FEC47-BBA2-445B-9111-55B7CAC1CB17}.Debug|Any CPU.ActiveCfg = Debug|Any CPU
		{250FEC47-BBA2-445B-9111-55B7CAC1CB17}.Debug|Any CPU.Build.0 = Debug|Any CPU
		{250FEC47-BBA2-445B-9111-55B7CAC1CB17}.Release|Any CPU.ActiveCfg = Release|Any CPU
		{250FEC47-BBA2-445B-9111-55B7CAC1CB17}.Release|Any CPU.Build.0 = Release|Any CPU
		{19A0E0E8-70B1-441C-85C1-2E8E615F9182}.Debug|Any CPU.ActiveCfg = Debug|Any CPU
		{19A0E0E8-70B1-441C-85C1-2E8E615F9182}.Debug|Any CPU.Build.0 = Debug|Any CPU
		{19A0E0E8-70B1-441C-85C1-2E8E615F9182}.Release|Any CPU.ActiveCfg = Release|Any CPU
		{19A0E0E8-70B1-441C-85C1-2E8E615F9182}.Release|Any CPU.Build.0 = Release|Any CPU
		{269CC109-6496-42EE-A853-D31566CAF821}.Debug|Any CPU.ActiveCfg = Debug|Any CPU
		{269CC109-6496-42EE-A853-D31566CAF821}.Debug|Any CPU.Build.0 = Debug|Any CPU
		{269CC109-6496-42EE-A853-D31566CAF821}.Release|Any CPU.ActiveCfg = Release|Any CPU
		{269CC109-6496-42EE-A853-D31566CAF821}.Release|Any CPU.Build.0 = Release|Any CPU
		{1199AA48-D94B-47A6-8EC4-3879B89970D3}.Debug|Any CPU.ActiveCfg = Debug|Any CPU
		{1199AA48-D94B-47A6-8EC4-3879B89970D3}.Debug|Any CPU.Build.0 = Debug|Any CPU
		{1199AA48-D94B-47A6-8EC4-3879B89970D3}.Release|Any CPU.ActiveCfg = Release|Any CPU
		{1199AA48-D94B-47A6-8EC4-3879B89970D3}.Release|Any CPU.Build.0 = Release|Any CPU
		{0E31F99A-A478-4D5A-AB77-68218271EE12}.Debug|Any CPU.ActiveCfg = Debug|Any CPU
		{0E31F99A-A478-4D5A-AB77-68218271EE12}.Debug|Any CPU.Build.0 = Debug|Any CPU
		{0E31F99A-A478-4D5A-AB77-68218271EE12}.Release|Any CPU.ActiveCfg = Release|Any CPU
		{0E31F99A-A478-4D5A-AB77-68218271EE12}.Release|Any CPU.Build.0 = Release|Any CPU
		{83B4029B-90B9-4667-BBCD-DD6FE138B1E8}.Debug|Any CPU.ActiveCfg = Debug|Any CPU
		{83B4029B-90B9-4667-BBCD-DD6FE138B1E8}.Debug|Any CPU.Build.0 = Debug|Any CPU
		{83B4029B-90B9-4667-BBCD-DD6FE138B1E8}.Release|Any CPU.ActiveCfg = Release|Any CPU
		{83B4029B-90B9-4667-BBCD-DD6FE138B1E8}.Release|Any CPU.Build.0 = Release|Any CPU
		{DD547168-C47A-4337-A7AF-21F8DBB3159D}.Debug|Any CPU.ActiveCfg = Debug|Any CPU
		{DD547168-C47A-4337-A7AF-21F8DBB3159D}.Debug|Any CPU.Build.0 = Debug|Any CPU
		{DD547168-C47A-4337-A7AF-21F8DBB3159D}.Release|Any CPU.ActiveCfg = Release|Any CPU
		{DD547168-C47A-4337-A7AF-21F8DBB3159D}.Release|Any CPU.Build.0 = Release|Any CPU
	EndGlobalSection
	GlobalSection(SolutionProperties) = preSolution
		HideSolutionNode = FALSE
	EndGlobalSection
	GlobalSection(NestedProjects) = preSolution
		{7C038EE6-C4B3-4A7A-B354-C0602BD1A604} = {EF0847CD-2595-489E-8E5B-9616E7870A79}
		{49D2A101-F101-40BA-AE70-D985538B1351} = {EF0847CD-2595-489E-8E5B-9616E7870A79}
		{05F9274C-499B-4C46-BEFC-8F4C8CB0982B} = {EF0847CD-2595-489E-8E5B-9616E7870A79}
		{D54A9828-D909-4043-A4AB-9DED3F0ABA0F} = {0591514B-2D7B-41F5-9415-7D366665B92A}
		{ED0E9CEF-8A4F-4EEA-AC9A-57AA08C2E5C9} = {0591514B-2D7B-41F5-9415-7D366665B92A}
		{AE660B7D-C2B7-4096-90D2-E58033087AAC} = {0591514B-2D7B-41F5-9415-7D366665B92A}
		{D9B2E146-6368-41EF-931B-8DEA6E9EBFD8} = {B3DB73BA-72FA-47B9-A62D-0534AA280F44}
		{3D8ACC74-0881-41C4-881B-A4576E6AAEE7} = {B3DB73BA-72FA-47B9-A62D-0534AA280F44}
		{153F1D0E-BEEC-4EA8-97C0-A6810F2D77CE} = {B3DB73BA-72FA-47B9-A62D-0534AA280F44}
		{E22ACC34-57A6-467C-B968-6B59FBBA6BCE} = {94D57A9E-20BF-45B9-8BAA-E4910ABF73B9}
		{ACD95B02-0E23-4311-89CC-EB6B9B4E71EC} = {94D57A9E-20BF-45B9-8BAA-E4910ABF73B9}
		{250FEC47-BBA2-445B-9111-55B7CAC1CB17} = {94D57A9E-20BF-45B9-8BAA-E4910ABF73B9}
		{19A0E0E8-70B1-441C-85C1-2E8E615F9182} = {8354019B-2F22-4B92-B4D1-DDF8F4CA3149}
		{269CC109-6496-42EE-A853-D31566CAF821} = {8354019B-2F22-4B92-B4D1-DDF8F4CA3149}
		{1199AA48-D94B-47A6-8EC4-3879B89970D3} = {8354019B-2F22-4B92-B4D1-DDF8F4CA3149}
		{0E31F99A-A478-4D5A-AB77-68218271EE12} = {3D801C84-CB31-4020-949C-3DF89E5BAAF8}
		{83B4029B-90B9-4667-BBCD-DD6FE138B1E8} = {3D801C84-CB31-4020-949C-3DF89E5BAAF8}
		{DD547168-C47A-4337-A7AF-21F8DBB3159D} = {3D801C84-CB31-4020-949C-3DF89E5BAAF8}
	EndGlobalSection
	GlobalSection(ExtensibilityGlobals) = postSolution
		SolutionGuid = {36E2DDCB-ED16-4951-90B5-352A229090F6}
	EndGlobalSection
EndGlobal
